{
  "originHash" : "4208d304232d62929e6c5233bd5ebb27e41a1ee97f048134447441c0a5440ec1",
  "pins" : [
    {
      "identity" : "utilities",
      "kind" : "remoteSourceControl",
      "location" : "https://github.com/shipstone98/Utilities",
      "state" : {
        "revision" : "81304b2197ffad09332f0f218c3d9667ea9c8846",
        "version" : "1.0.1"
      }
    }
  ],
  "version" : 3
}
